// !$*UTF8*$!
{
	archiveVersion = 1;
	classes = {
	};
	objectVersion = 46;
	objects = {

/* Begin PBXBuildFile section */
		7DA7B10815CECE320099A14A /* UIKit.framework in Frameworks */ = {isa = PBXBuildFile; fileRef = 7DA7B10715CECE320099A14A /* UIKit.framework */; };
		7DA7B10A15CECE320099A14A /* Foundation.framework in Frameworks */ = {isa = PBXBuildFile; fileRef = 7DA7B10915CECE320099A14A /* Foundation.framework */; };
		7DA7B10C15CECE320099A14A /* CoreGraphics.framework in Frameworks */ = {isa = PBXBuildFile; fileRef = 7DA7B10B15CECE320099A14A /* CoreGraphics.framework */; };
		7DA7B11215CECE320099A14A /* InfoPlist.strings in Resources */ = {isa = PBXBuildFile; fileRef = 7DA7B11015CECE320099A14A /* InfoPlist.strings */; };
		7DA7B11415CECE320099A14A /* main.m in Sources */ = {isa = PBXBuildFile; fileRef = 7DA7B11315CECE320099A14A /* main.m */; };
		7DA7B11815CECE320099A14A /* AppDelegate.m in Sources */ = {isa = PBXBuildFile; fileRef = 7DA7B11715CECE320099A14A /* AppDelegate.m */; };
		7DA7B11B15CECE320099A14A /* MainStoryboard.storyboard in Resources */ = {isa = PBXBuildFile; fileRef = 7DA7B11915CECE320099A14A /* MainStoryboard.storyboard */; };
		7DA7B11E15CECE330099A14A /* ViewController.m in Sources */ = {isa = PBXBuildFile; fileRef = 7DA7B11D15CECE330099A14A /* ViewController.m */; };
		7DA7B12615CECE3F0099A14A /* OFF.png in Resources */ = {isa = PBXBuildFile; fileRef = 7DA7B12415CECE3F0099A14A /* OFF.png */; };
		7DA7B12715CECE3F0099A14A /* ON.png in Resources */ = {isa = PBXBuildFile; fileRef = 7DA7B12515CECE3F0099A14A /* ON.png */; };
		7DA7B12D15CED1A60099A14A /* BOM57.png in Resources */ = {isa = PBXBuildFile; fileRef = 7DA7B12C15CED1A60099A14A /* BOM57.png */; };
		7DA7B13015CED1A90099A14A /* BOM114.png in Resources */ = {isa = PBXBuildFile; fileRef = 7DA7B12F15CED1A90099A14A /* BOM114.png */; };
		7DEF151916BB2BE2005F669C /* Default-568h@2x.png in Resources */ = {isa = PBXBuildFile; fileRef = 7DEF151816BB2BE2005F669C /* Default-568h@2x.png */; };
/* End PBXBuildFile section */

/* Begin PBXFileReference section */
		7D54AAB71614ED0300CCB547 /* Twitter.framework */ = {isa = PBXFileReference; lastKnownFileType = wrapper.framework; name = Twitter.framework; path = System/Library/Frameworks/Twitter.framework; sourceTree = SDKROOT; };
		7DA7B10315CECE320099A14A /* EncenderBombilla.app */ = {isa = PBXFileReference; explicitFileType = wrapper.application; includeInIndex = 0; path = EncenderBombilla.app; sourceTree = BUILT_PRODUCTS_DIR; };
		7DA7B10715CECE320099A14A /* UIKit.framework */ = {isa = PBXFileReference; lastKnownFileType = wrapper.framework; name = UIKit.framework; path = System/Library/Frameworks/UIKit.framework; sourceTree = SDKROOT; };
		7DA7B10915CECE320099A14A /* Foundation.framework */ = {isa = PBXFileReference; lastKnownFileType = wrapper.framework; name = Foundation.framework; path = System/Library/Frameworks/Foundation.framework; sourceTree = SDKROOT; };
		7DA7B10B15CECE320099A14A /* CoreGraphics.framework */ = {isa = PBXFileReference; lastKnownFileType = wrapper.framework; name = CoreGraphics.framework; path = System/Library/Frameworks/CoreGraphics.framework; sourceTree = SDKROOT; };
		7DA7B10F15CECE320099A14A /* EncenderBombilla-Info.plist */ = {isa = PBXFileReference; lastKnownFileType = text.plist.xml; path = "EncenderBombilla-Info.plist"; sourceTree = "<group>"; };
		7DA7B11115CECE320099A14A /* en */ = {isa = PBXFileReference; lastKnownFileType = text.plist.strings; name = en; path = en.lproj/InfoPlist.strings; sourceTree = "<group>"; };
		7DA7B11315CECE320099A14A /* main.m */ = {isa = PBXFileReference; lastKnownFileType = sourcecode.c.objc; path = main.m; sourceTree = "<group>"; };
		7DA7B11515CECE320099A14A /* EncenderBombilla-Prefix.pch */ = {isa = PBXFileReference; lastKnownFileType = sourcecode.c.h; path = "EncenderBombilla-Prefix.pch"; sourceTree = "<group>"; };
		7DA7B11615CECE320099A14A /* AppDelegate.h */ = {isa = PBXFileReference; lastKnownFileType = sourcecode.c.h; path = AppDelegate.h; sourceTree = "<group>"; };
		7DA7B11715CECE320099A14A /* AppDelegate.m */ = {isa = PBXFileReference; lastKnownFileType = sourcecode.c.objc; path = AppDelegate.m; sourceTree = "<group>"; };
		7DA7B11A15CECE320099A14A /* en */ = {isa = PBXFileReference; lastKnownFileType = file.storyboard; name = en; path = en.lproj/MainStoryboard.storyboard; sourceTree = "<group>"; };
		7DA7B11C15CECE320099A14A /* ViewController.h */ = {isa = PBXFileReference; lastKnownFileType = sourcecode.c.h; path = ViewController.h; sourceTree = "<group>"; };
		7DA7B11D15CECE330099A14A /* ViewController.m */ = {isa = PBXFileReference; lastKnownFileType = sourcecode.c.objc; path = ViewController.m; sourceTree = "<group>"; };
		7DA7B12415CECE3F0099A14A /* OFF.png */ = {isa = PBXFileReference; lastKnownFileType = image.png; path = OFF.png; sourceTree = "<group>"; };
		7DA7B12515CECE3F0099A14A /* ON.png */ = {isa = PBXFileReference; lastKnownFileType = image.png; path = ON.png; sourceTree = "<group>"; };
		7DA7B12C15CED1A60099A14A /* BOM57.png */ = {isa = PBXFileReference; lastKnownFileType = image.png; path = BOM57.png; sourceTree = "<group>"; };
		7DA7B12F15CED1A90099A14A /* BOM114.png */ = {isa = PBXFileReference; lastKnownFileType = image.png; path = BOM114.png; sourceTree = "<group>"; };
		7DEF151816BB2BE2005F669C /* Default-568h@2x.png */ = {isa = PBXFileReference; lastKnownFileType = image.png; path = "Default-568h@2x.png"; sourceTree = "<group>"; };
/* End PBXFileReference section */

/* Begin PBXFrameworksBuildPhase section */
		7DA7B10015CECE320099A14A /* Frameworks */ = {
			isa = PBXFrameworksBuildPhase;
			buildActionMask = 2147483647;
			files = (
				7DA7B10815CECE320099A14A /* UIKit.framework in Frameworks */,
				7DA7B10A15CECE320099A14A /* Foundation.framework in Frameworks */,
				7DA7B10C15CECE320099A14A /* CoreGraphics.framework in Frameworks */,
			);
			runOnlyForDeploymentPostprocessing = 0;
		};
/* End PBXFrameworksBuildPhase section */

/* Begin PBXGroup section */
		7DA7B0F815CECE320099A14A = {
			isa = PBXGroup;
			children = (
				7DEF151816BB2BE2005F669C /* Default-568h@2x.png */,
				7DA7B12F15CED1A90099A14A /* BOM114.png */,
				7DA7B12C15CED1A60099A14A /* BOM57.png */,
				7DA7B12415CECE3F0099A14A /* OFF.png */,
				7DA7B12515CECE3F0099A14A /* ON.png */,
				7DA7B10D15CECE320099A14A /* EncenderBombilla */,
				7DA7B10615CECE320099A14A /* Frameworks */,
				7DA7B10415CECE320099A14A /* Products */,
			);
			sourceTree = "<group>";
		};
		7DA7B10415CECE320099A14A /* Products */ = {
			isa = PBXGroup;
			children = (
				7DA7B10315CECE320099A14A /* EncenderBombilla.app */,
			);
			name = Products;
			sourceTree = "<group>";
		};
		7DA7B10615CECE320099A14A /* Frameworks */ = {
			isa = PBXGroup;
			children = (
				7D54AAB71614ED0300CCB547 /* Twitter.framework */,
				7DA7B10715CECE320099A14A /* UIKit.framework */,
				7DA7B10915CECE320099A14A /* Foundation.framework */,
				7DA7B10B15CECE320099A14A /* CoreGraphics.framework */,
			);
			name = Frameworks;
			sourceTree = "<group>";
		};
		7DA7B10D15CECE320099A14A /* EncenderBombilla */ = {
			isa = PBXGroup;
			children = (
				7DA7B11615CECE320099A14A /* AppDelegate.h */,
				7DA7B11715CECE320099A14A /* AppDelegate.m */,
				7DA7B11915CECE320099A14A /* MainStoryboard.storyboard */,
				7DA7B11C15CECE320099A14A /* ViewController.h */,
				7DA7B11D15CECE330099A14A /* ViewController.m */,
				7DA7B10E15CECE320099A14A /* Supporting Files */,
			);
			path = EncenderBombilla;
			sourceTree = "<group>";
		};
		7DA7B10E15CECE320099A14A /* Supporting Files */ = {
			isa = PBXGroup;
			children = (
				7DA7B10F15CECE320099A14A /* EncenderBombilla-Info.plist */,
				7DA7B11015CECE320099A14A /* InfoPlist.strings */,
				7DA7B11315CECE320099A14A /* main.m */,
				7DA7B11515CECE320099A14A /* EncenderBombilla-Prefix.pch */,
			);
			name = "Supporting Files";
			sourceTree = "<group>";
		};
/* End PBXGroup section */

/* Begin PBXNativeTarget section */
		7DA7B10215CECE320099A14A /* EncenderBombilla */ = {
			isa = PBXNativeTarget;
			buildConfigurationList = 7DA7B12115CECE330099A14A /* Build configuration list for PBXNativeTarget "EncenderBombilla" */;
			buildPhases = (
				7DA7B0FF15CECE320099A14A /* Sources */,
				7DA7B10015CECE320099A14A /* Frameworks */,
				7DA7B10115CECE320099A14A /* Resources */,
			);
			buildRules = (
			);
			dependencies = (
			);
			name = EncenderBombilla;
			productName = EncenderBombilla;
			productReference = 7DA7B10315CECE320099A14A /* EncenderBombilla.app */;
			productType = "com.apple.product-type.application";
		};
/* End PBXNativeTarget section */

/* Begin PBXProject section */
		7DA7B0FA15CECE320099A14A /* Project object */ = {
			isa = PBXProject;
			attributes = {
				LastUpgradeCheck = 0460;
				ORGANIZATIONNAME = LLBER;
			};
			buildConfigurationList = 7DA7B0FD15CECE320099A14A /* Build configuration list for PBXProject "EncenderBombilla" */;
			compatibilityVersion = "Xcode 3.2";
			developmentRegion = English;
			hasScannedForEncodings = 0;
			knownRegions = (
				en,
			);
			mainGroup = 7DA7B0F815CECE320099A14A;
			productRefGroup = 7DA7B10415CECE320099A14A /* Products */;
			projectDirPath = "";
			projectRoot = "";
			targets = (
				7DA7B10215CECE320099A14A /* EncenderBombilla */,
			);
		};
/* End PBXProject section */

/* Begin PBXResourcesBuildPhase section */
		7DA7B10115CECE320099A14A /* Resources */ = {
			isa = PBXResourcesBuildPhase;
			buildActionMask = 2147483647;
			files = (
				7DA7B11215CECE320099A14A /* InfoPlist.strings in Resources */,
				7DA7B11B15CECE320099A14A /* MainStoryboard.storyboard in Resources */,
				7DA7B12615CECE3F0099A14A /* OFF.png in Resources */,
				7DA7B12715CECE3F0099A14A /* ON.png in Resources */,
				7DA7B12D15CED1A60099A14A /* BOM57.png in Resources */,
				7DA7B13015CED1A90099A14A /* BOM114.png in Resources */,
				7DEF151916BB2BE2005F669C /* Default-568h@2x.png in Resources */,
			);
			runOnlyForDeploymentPostprocessing = 0;
		};
/* End PBXResourcesBuildPhase section */

/* Begin PBXSourcesBuildPhase section */
		7DA7B0FF15CECE320099A14A /* Sources */ = {
			isa = PBXSourcesBuildPhase;
			buildActionMask = 2147483647;
			files = (
				7DA7B11415CECE320099A14A /* main.m in Sources */,
				7DA7B11815CECE320099A14A /* AppDelegate.m in Sources */,
				7DA7B11E15CECE330099A14A /* ViewController.m in Sources */,
			);
			runOnlyForDeploymentPostprocessing = 0;
		};
/* End PBXSourcesBuildPhase section */

/* Begin PBXVariantGroup section */
		7DA7B11015CECE320099A14A /* InfoPlist.strings */ = {
			isa = PBXVariantGroup;
			children = (
				7DA7B11115CECE320099A14A /* en */,
			);
			name = InfoPlist.strings;
			sourceTree = "<group>";
		};
		7DA7B11915CECE320099A14A /* MainStoryboard.storyboard */ = {
			isa = PBXVariantGroup;
			children = (
				7DA7B11A15CECE320099A14A /* en */,
			);
			name = MainStoryboard.storyboard;
			sourceTree = "<group>";
		};
/* End PBXVariantGroup section */

/* Begin XCBuildConfiguration section */
		7DA7B11F15CECE330099A14A /* Debug */ = {
			isa = XCBuildConfiguration;
			buildSettings = {
				ALWAYS_SEARCH_USER_PATHS = NO;
				ARCHS = "$(ARCHS_STANDARD_32_BIT)";
				CLANG_CXX_LANGUAGE_STANDARD = "gnu++0x";
				CLANG_ENABLE_OBJC_ARC = YES;
				CLANG_WARN_CONSTANT_CONVERSION = YES;
				CLANG_WARN_ENUM_CONVERSION = YES;
				CLANG_WARN_INT_CONVERSION = YES;
				CLANG_WARN__DUPLICATE_METHOD_MATCH = YES;
				CODE_SIGN_IDENTITY = "";
				"CODE_SIGN_IDENTITY[sdk=iphoneos*]" = "iPhone Developer";
				COPY_PHASE_STRIP = NO;
				GCC_C_LANGUAGE_STANDARD = gnu99;
				GCC_DYNAMIC_NO_PIC = NO;
				GCC_OPTIMIZATION_LEVEL = 0;
				GCC_PREPROCESSOR_DEFINITIONS = (
					"DEBUG=1",
					"$(inherited)",
				);
				GCC_SYMBOLS_PRIVATE_EXTERN = NO;
				GCC_VERSION = com.apple.compilers.llvm.clang.1_0;
				GCC_WARN_ABOUT_RETURN_TYPE = YES;
				GCC_WARN_UNINITIALIZED_AUTOS = YES;
				GCC_WARN_UNUSED_VARIABLE = YES;
				IPHONEOS_DEPLOYMENT_TARGET = 5.1;
				"PROVISIONING_PROFILE[sdk=iphoneos*]" = "";
				SDKROOT = iphoneos;
			};
			name = Debug;
		};
		7DA7B12015CECE330099A14A /* Release */ = {
			isa = XCBuildConfiguration;
			buildSettings = {
				ALWAYS_SEARCH_USER_PATHS = NO;
				ARCHS = "$(ARCHS_STANDARD_32_BIT)";
				CLANG_CXX_LANGUAGE_STANDARD = "gnu++0x";
				CLANG_ENABLE_OBJC_ARC = YES;
				CLANG_WARN_CONSTANT_CONVERSION = YES;
				CLANG_WARN_ENUM_CONVERSION = YES;
				CLANG_WARN_INT_CONVERSION = YES;
				CLANG_WARN__DUPLICATE_METHOD_MATCH = YES;
				CODE_SIGN_IDENTITY = "";
				"CODE_SIGN_IDENTITY[sdk=iphoneos*]" = "iPhone Developer";
				COPY_PHASE_STRIP = YES;
				GCC_C_LANGUAGE_STANDARD = gnu99;
				GCC_VERSION = com.apple.compilers.llvm.clang.1_0;
				GCC_WARN_ABOUT_RETURN_TYPE = YES;
				GCC_WARN_UNINITIALIZED_AUTOS = YES;
				GCC_WARN_UNUSED_VARIABLE = YES;
				IPHONEOS_DEPLOYMENT_TARGET = 5.1;
				OTHER_CFLAGS = "-DNS_BLOCK_ASSERTIONS=1";
				"PROVISIONING_PROFILE[sdk=iphoneos*]" = "";
				SDKROOT = iphoneos;
				VALIDATE_PRODUCT = YES;
			};
			name = Release;
		};
		7DA7B12215CECE330099A14A /* Debug */ = {
			isa = XCBuildConfiguration;
			buildSettings = {
				CODE_SIGN_IDENTITY = "";
				"CODE_SIGN_IDENTITY[sdk=iphoneos*]" = "";
				GCC_PRECOMPILE_PREFIX_HEADER = YES;
				GCC_PREFIX_HEADER = "EncenderBombilla/EncenderBombilla-Prefix.pch";
				INFOPLIST_FILE = "EncenderBombilla/EncenderBombilla-Info.plist";
				IPHONEOS_DEPLOYMENT_TARGET = 4.3;
				PRODUCT_NAME = "$(TARGET_NAME)";
				TARGETED_DEVICE_FAMILY = "1,2";
				WRAPPER_EXTENSION = app;
			};
			name = Debug;
		};
		7DA7B12315CECE330099A14A /* Release */ = {
			isa = XCBuildConfiguration;
			buildSettings = {
				CODE_SIGN_IDENTITY = "";
				"CODE_SIGN_IDENTITY[sdk=iphoneos*]" = "iPhone Developer";
				GCC_PRECOMPILE_PREFIX_HEADER = YES;
				GCC_PREFIX_HEADER = "EncenderBombilla/EncenderBombilla-Prefix.pch";
				INFOPLIST_FILE = "EncenderBombilla/EncenderBombilla-Info.plist";
				IPHONEOS_DEPLOYMENT_TARGET = 4.3;
				PRODUCT_NAME = "$(TARGET_NAME)";
				"PROVISIONING_PROFILE[sdk=iphoneos*]" = "";
				TARGETED_DEVICE_FAMILY = "1,2";
				WRAPPER_EXTENSION = app;
			};
			name = Release;
		};
/* End XCBuildConfiguration section */

/* Begin XCConfigurationList section */
		7DA7B0FD15CECE320099A14A /* Build configuration list for PBXProject "EncenderBombilla" */ = {
			isa = XCConfigurationList;
			buildConfigurations = (
				7DA7B11F15CECE330099A14A /* Debug */,
				7DA7B12015CECE330099A14A /* Release */,
			);
			defaultConfigurationIsVisible = 0;
			defaultConfigurationName = Release;
		};
		7DA7B12115CECE330099A14A /* Build configuration list for PBXNativeTarget "EncenderBombilla" */ = {
			isa = XCConfigurationList;
			buildConfigurations = (
				7DA7B12215CECE330099A14A /* Debug */,
				7DA7B12315CECE330099A14A /* Release */,
			);
			defaultConfigurationIsVisible = 0;
			defaultConfigurationName = Release;
		};
/* End XCConfigurationList section */
	};
	rootObject = 7DA7B0FA15CECE320099A14A /* Project object */;
}
